
Microsoft Visual Studio Solution File, Format Version 12.00
# Visual Studio Version 17
VisualStudioVersion = 17.9.34723.18
MinimumVisualStudioVersion = 10.0.40219.1
Project("{9A19103F-16F7-4668-BE54-9A1E7A4F7556}") = "ElectronTest", "ElectronTest\ElectronTest.csproj", "{1214E651-3C49-43B9-9ED0-FCFDE648C5D8}"
EndProject
Project("{9A19103F-16F7-4668-BE54-9A1E7A4F7556}") = "Electron.Database", "Electron.Database\Electron.Database.csproj", "{55A9205D-CCFC-49B2-9858-71C7A630264A}"
EndProject
Project("{9A19103F-16F7-4668-BE54-9A1E7A4F7556}") = "Electron.Domain", "Electron.Domain\Electron.Domain.csproj", "{6F06FBC8-7A37-4C76-B91A-8BAF56EEE243}"
EndProject
Project("{9A19103F-16F7-4668-BE54-9A1E7A4F7556}") = "Electron.Logic", "Electron.Logic\Electron.Logic.csproj", "{D2476F42-FD57-4EC7-8C3C-26EC7E3CE9A8}"
EndProject
Project("{FAE04EC0-301F-11D3-BF4B-00C04F79EFBC}") = "Electron.Api", "Electron.Api\Electron.Api.csproj", "{DB055B6F-E2FA-4320-B947-48E5482DDB76}"
EndProject
Global
	GlobalSection(SolutionConfigurationPlatforms) = preSolution
		Debug|Any CPU = Debug|Any CPU
		Release|Any CPU = Release|Any CPU
	EndGlobalSection
	GlobalSection(ProjectConfigurationPlatforms) = postSolution
		{1214E651-3C49-43B9-9ED0-FCFDE648C5D8}.Debug|Any CPU.ActiveCfg = Debug|Any CPU
		{1214E651-3C49-43B9-9ED0-FCFDE648C5D8}.Debug|Any CPU.Build.0 = Debug|Any CPU
		{1214E651-3C49-43B9-9ED0-FCFDE648C5D8}.Release|Any CPU.ActiveCfg = Release|Any CPU
		{1214E651-3C49-43B9-9ED0-FCFDE648C5D8}.Release|Any CPU.Build.0 = Release|Any CPU
		{55A9205D-CCFC-49B2-9858-71C7A630264A}.Debug|Any CPU.ActiveCfg = Debug|Any CPU
		{55A9205D-CCFC-49B2-9858-71C7A630264A}.Debug|Any CPU.Build.0 = Debug|Any CPU
		{55A9205D-CCFC-49B2-9858-71C7A630264A}.Release|Any CPU.ActiveCfg = Release|Any CPU
		{55A9205D-CCFC-49B2-9858-71C7A630264A}.Release|Any CPU.Build.0 = Release|Any CPU
		{6F06FBC8-7A37-4C76-B91A-8BAF56EEE243}.Debug|Any CPU.ActiveCfg = Debug|Any CPU
		{6F06FBC8-7A37-4C76-B91A-8BAF56EEE243}.Debug|Any CPU.Build.0 = Debug|Any CPU
		{6F06FBC8-7A37-4C76-B91A-8BAF56EEE243}.Release|Any CPU.ActiveCfg = Release|Any CPU
		{6F06FBC8-7A37-4C76-B91A-8BAF56EEE243}.Release|Any CPU.Build.0 = Release|Any CPU
		{D2476F42-FD57-4EC7-8C3C-26EC7E3CE9A8}.Debug|Any CPU.ActiveCfg = Debug|Any CPU
		{D2476F42-FD57-4EC7-8C3C-26EC7E3CE9A8}.Debug|Any CPU.Build.0 = Debug|Any CPU
		{D2476F42-FD57-4EC7-8C3C-26EC7E3CE9A8}.Release|Any CPU.ActiveCfg = Release|Any CPU
		{D2476F42-FD57-4EC7-8C3C-26EC7E3CE9A8}.Release|Any CPU.Build.0 = Release|Any CPU
		{DB055B6F-E2FA-4320-B947-48E5482DDB76}.Debug|Any CPU.ActiveCfg = Debug|Any CPU
		{DB055B6F-E2FA-4320-B947-48E5482DDB76}.Debug|Any CPU.Build.0 = Debug|Any CPU
		{DB055B6F-E2FA-4320-B947-48E5482DDB76}.Release|Any CPU.ActiveCfg = Release|Any CPU
		{DB055B6F-E2FA-4320-B947-48E5482DDB76}.Release|Any CPU.Build.0 = Release|Any CPU
	EndGlobalSection
	GlobalSection(SolutionProperties) = preSolution
		HideSolutionNode = FALSE
	EndGlobalSection
	GlobalSection(ExtensibilityGlobals) = postSolution
		SolutionGuid = {0FA607CC-1D60-401B-8611-591D3516D554}
	EndGlobalSection
EndGlobal
